
Microsoft Visual Studio Solution File, Format Version 12.00
# Visual Studio 15
VisualStudioVersion = 15.0.28307.705
MinimumVisualStudioVersion = 10.0.40219.1
Project("{9A19103F-16F7-4668-BE54-9A1E7A4F7556}") = "NodaTime.Future", "NodaTime.Future\NodaTime.Future.csproj", "{09C19BC4-3992-48CF-8BF6-D9B424EE61F8}"
EndProject
Project("{9A19103F-16F7-4668-BE54-9A1E7A4F7556}") = "NodaTime.AutoFixture", "NodaTime.AutoFixture\NodaTime.AutoFixture.csproj", "{17F49B67-0C65-443D-BD17-A2823B859BC2}"
EndProject
Project("{9A19103F-16F7-4668-BE54-9A1E7A4F7556}") = "NodaTime.Tests", "NodaTime.Tests\NodaTime.Tests.csproj", "{E0C7A0C2-F430-4887-9BAC-3086BF450D0F}"
EndProject
Project("{9A19103F-16F7-4668-BE54-9A1E7A4F7556}") = "NodaTime.WebApi", "NodaTime.WebApi\NodaTime.WebApi.csproj", "{F23D85F1-D79E-49B9-90E4-D797A87BF76C}"
EndProject
Project("{9A19103F-16F7-4668-BE54-9A1E7A4F7556}") = "NodaTime.AspNetCore.Mvc", "NodaTime.AspNetCore.Mvc\NodaTime.AspNetCore.Mvc.csproj", "{0CCD377C-5D94-446F-862D-34C3685620C7}"
EndProject
Project("{9A19103F-16F7-4668-BE54-9A1E7A4F7556}") = "NodaTime.AspNetCore.Swagger", "NodaTime.AspNetCore.Swagger\NodaTime.AspNetCore.Swagger.csproj", "{A308CB11-B698-4DEA-AF94-E0A45624F07B}"
EndProject
Project("{9A19103F-16F7-4668-BE54-9A1E7A4F7556}") = "NodaTime.Serialization", "NodaTime.Serialization\NodaTime.Serialization.csproj", "{E2D9E322-8D4A-4861-A0F6-1AE8C24DA19A}"
EndProject
Global
	GlobalSection(SolutionConfigurationPlatforms) = preSolution
		Debug|Any CPU = Debug|Any CPU
		Release|Any CPU = Release|Any CPU
	EndGlobalSection
	GlobalSection(ProjectConfigurationPlatforms) = postSolution
		{09C19BC4-3992-48CF-8BF6-D9B424EE61F8}.Debug|Any CPU.ActiveCfg = Debug|Any CPU
		{09C19BC4-3992-48CF-8BF6-D9B424EE61F8}.Debug|Any CPU.Build.0 = Debug|Any CPU
		{09C19BC4-3992-48CF-8BF6-D9B424EE61F8}.Release|Any CPU.ActiveCfg = Release|Any CPU
		{09C19BC4-3992-48CF-8BF6-D9B424EE61F8}.Release|Any CPU.Build.0 = Release|Any CPU
		{17F49B67-0C65-443D-BD17-A2823B859BC2}.Debug|Any CPU.ActiveCfg = Debug|Any CPU
		{17F49B67-0C65-443D-BD17-A2823B859BC2}.Debug|Any CPU.Build.0 = Debug|Any CPU
		{17F49B67-0C65-443D-BD17-A2823B859BC2}.Release|Any CPU.ActiveCfg = Release|Any CPU
		{17F49B67-0C65-443D-BD17-A2823B859BC2}.Release|Any CPU.Build.0 = Release|Any CPU
		{E0C7A0C2-F430-4887-9BAC-3086BF450D0F}.Debug|Any CPU.ActiveCfg = Debug|Any CPU
		{E0C7A0C2-F430-4887-9BAC-3086BF450D0F}.Debug|Any CPU.Build.0 = Debug|Any CPU
		{E0C7A0C2-F430-4887-9BAC-3086BF450D0F}.Release|Any CPU.ActiveCfg = Release|Any CPU
		{E0C7A0C2-F430-4887-9BAC-3086BF450D0F}.Release|Any CPU.Build.0 = Release|Any CPU
		{F23D85F1-D79E-49B9-90E4-D797A87BF76C}.Debug|Any CPU.ActiveCfg = Debug|Any CPU
		{F23D85F1-D79E-49B9-90E4-D797A87BF76C}.Debug|Any CPU.Build.0 = Debug|Any CPU
		{F23D85F1-D79E-49B9-90E4-D797A87BF76C}.Release|Any CPU.ActiveCfg = Release|Any CPU
		{F23D85F1-D79E-49B9-90E4-D797A87BF76C}.Release|Any CPU.Build.0 = Release|Any CPU
		{0CCD377C-5D94-446F-862D-34C3685620C7}.Debug|Any CPU.ActiveCfg = Debug|Any CPU
		{0CCD377C-5D94-446F-862D-34C3685620C7}.Debug|Any CPU.Build.0 = Debug|Any CPU
		{0CCD377C-5D94-446F-862D-34C3685620C7}.Release|Any CPU.ActiveCfg = Release|Any CPU
		{0CCD377C-5D94-446F-862D-34C3685620C7}.Release|Any CPU.Build.0 = Release|Any CPU
		{A308CB11-B698-4DEA-AF94-E0A45624F07B}.Debug|Any CPU.ActiveCfg = Debug|Any CPU
		{A308CB11-B698-4DEA-AF94-E0A45624F07B}.Debug|Any CPU.Build.0 = Debug|Any CPU
		{A308CB11-B698-4DEA-AF94-E0A45624F07B}.Release|Any CPU.ActiveCfg = Release|Any CPU
		{A308CB11-B698-4DEA-AF94-E0A45624F07B}.Release|Any CPU.Build.0 = Release|Any CPU
		{E2D9E322-8D4A-4861-A0F6-1AE8C24DA19A}.Debug|Any CPU.ActiveCfg = Debug|Any CPU
		{E2D9E322-8D4A-4861-A0F6-1AE8C24DA19A}.Debug|Any CPU.Build.0 = Debug|Any CPU
		{E2D9E322-8D4A-4861-A0F6-1AE8C24DA19A}.Release|Any CPU.ActiveCfg = Release|Any CPU
		{E2D9E322-8D4A-4861-A0F6-1AE8C24DA19A}.Release|Any CPU.Build.0 = Release|Any CPU
	EndGlobalSection
	GlobalSection(SolutionProperties) = preSolution
		HideSolutionNode = FALSE
	EndGlobalSection
	GlobalSection(ExtensibilityGlobals) = postSolution
		SolutionGuid = {CFC3C913-ADA9-49BE-949F-10AEA95C4D00}
	EndGlobalSection
EndGlobal
